
Microsoft Visual Studio Solution File, Format Version 12.00
# Visual Studio Version 17
VisualStudioVersion = 17.8.34511.84
MinimumVisualStudioVersion = 10.0.40219.1
Project("{8BC9CEB8-8B4A-11D0-8D11-00A0C91BC942}") = "Alchemist", "Alchemist\Alchemist.vcxproj", "{AF3B5AB6-9E70-442E-8669-5C4334F96BBF}"
EndProject
Project("{8BC9CEB8-8B4A-11D0-8D11-00A0C91BC942}") = "SampleGame", "SampleGame\SampleGame.vcxproj", "{2A95D7FA-446A-4FE7-8EF5-BD51EF59025B}"
	ProjectSection(ProjectDependencies) = postProject
		{AF3B5AB6-9E70-442E-8669-5C4334F96BBF} = {AF3B5AB6-9E70-442E-8669-5C4334F96BBF}
	EndProjectSection
EndProject
Global
	GlobalSection(SolutionConfigurationPlatforms) = preSolution
		Debug|x64 = Debug|x64
		Debug|x86 = Debug|x86
		Release|x64 = Release|x64
		Release|x86 = Release|x86
	EndGlobalSection
	GlobalSection(ProjectConfigurationPlatforms) = postSolution
		{AF3B5AB6-9E70-442E-8669-5C4334F96BBF}.Debug|x64.ActiveCfg = Debug|x64
		{AF3B5AB6-9E70-442E-8669-5C4334F96BBF}.Debug|x64.Build.0 = Debug|x64
		{AF3B5AB6-9E70-442E-8669-5C4334F96BBF}.Debug|x86.ActiveCfg = Debug|Win32
		{AF3B5AB6-9E70-442E-8669-5C4334F96BBF}.Debug|x86.Build.0 = Debug|Win32
		{AF3B5AB6-9E70-442E-8669-5C4334F96BBF}.Release|x64.ActiveCfg = Release|x64
		{AF3B5AB6-9E70-442E-8669-5C4334F96BBF}.Release|x64.Build.0 = Release|x64
		{AF3B5AB6-9E70-442E-8669-5C4334F96BBF}.Release|x86.ActiveCfg = Release|Win32
		{AF3B5AB6-9E70-442E-8669-5C4334F96BBF}.Release|x86.Build.0 = Release|Win32
		{2A95D7FA-446A-4FE7-8EF5-BD51EF59025B}.Debug|x64.ActiveCfg = Debug|x64
		{2A95D7FA-446A-4FE7-8EF5-BD51EF59025B}.Debug|x64.Build.0 = Debug|x64
		{2A95D7FA-446A-4FE7-8EF5-BD51EF59025B}.Debug|x86.ActiveCfg = Debug|Win32
		{2A95D7FA-446A-4FE7-8EF5-BD51EF59025B}.Debug|x86.Build.0 = Debug|Win32
		{2A95D7FA-446A-4FE7-8EF5-BD51EF59025B}.Release|x64.ActiveCfg = Release|x64
		{2A95D7FA-446A-4FE7-8EF5-BD51EF59025B}.Release|x64.Build.0 = Release|x64
		{2A95D7FA-446A-4FE7-8EF5-BD51EF59025B}.Release|x86.ActiveCfg = Release|Win32
		{2A95D7FA-446A-4FE7-8EF5-BD51EF59025B}.Release|x86.Build.0 = Release|Win32
	EndGlobalSection
	GlobalSection(SolutionProperties) = preSolution
		HideSolutionNode = FALSE
	EndGlobalSection
	GlobalSection(ExtensibilityGlobals) = postSolution
		SolutionGuid = {37807701-87B0-4941-990D-31C7A6E080F5}
	EndGlobalSection
EndGlobal
