<?xml version="1.0" encoding="utf-8"?>
<Project ToolsVersion="4.0" xmlns="http://schemas.microsoft.com/developer/msbuild/2003">
  <ItemGroup>
    <Filter Include="Source Files">
      <UniqueIdentifier>{4FC737F1-C7A5-4376-A066-2A32D752A2FF}</UniqueIdentifier>
      <Extensions>cpp;c;cc;cxx;c++;cppm;ixx;def;odl;idl;hpj;bat;asm;asmx</Extensions>
    </Filter>
    <Filter Include="Header Files">
      <UniqueIdentifier>{93995380-89BD-4b04-88EB-625FBE52EBFB}</UniqueIdentifier>
      <Extensions>h;hh;hpp;hxx;h++;hm;inl;inc;ipp;xsd</Extensions>
    </Filter>
    <Filter Include="Resource Files">
      <UniqueIdentifier>{67DA6AB6-F800-4c08-8B7A-83BB121AAD01}</UniqueIdentifier>
      <Extensions>rc;ico;cur;bmp;dlg;rc2;rct;bin;rgs;gif;jpg;jpeg;jpe;resx;tiff;tif;png;wav;mfcribbon-ms</Extensions>
    </Filter>
    <Filter Include="Header Files\Rendering">
      <UniqueIdentifier>{b63d10d2-8de2-4aec-aa55-b3b3d1875213}</UniqueIdentifier>
    </Filter>
    <Filter Include="Source Files\Rendering">
      <UniqueIdentifier>{898b63e4-f2a4-4a03-9384-3e4d0dd550fc}</UniqueIdentifier>
    </Filter>
    <Filter Include="Header Files\Utilities">
      <UniqueIdentifier>{cab0416b-215a-4961-940e-a43ef3031379}</UniqueIdentifier>
    </Filter>
    <Filter Include="Source Files\Utilities">
      <UniqueIdentifier>{ab683636-c9e9-4d25-9415-203981eef099}</UniqueIdentifier>
    </Filter>
    <Filter Include="Header Files\GameFramework">
      <UniqueIdentifier>{1f13f873-bf0d-467d-a9b8-e344ce592b40}</UniqueIdentifier>
    </Filter>
    <Filter Include="Source Files\GameFramework">
      <UniqueIdentifier>{40d146c8-0a44-499f-a7d0-a818a0c57029}</UniqueIdentifier>
    </Filter>
  </ItemGroup>
  <ItemGroup>
    <ClCompile Include="DLLmain.cpp">
      <Filter>Source Files</Filter>
    </ClCompile>
    <ClCompile Include="Alchemist\Application.cpp">
      <Filter>Source Files</Filter>
    </ClCompile>
    <ClCompile Include="Alchemist\Screen.cpp">
      <Filter>Source Files</Filter>
    </ClCompile>
    <ClCompile Include="Alchemist\Rendering\RenderEngine.cpp">
      <Filter>Source Files\Rendering</Filter>
    </ClCompile>
    <ClCompile Include="Alchemist\Utilities\Random.cpp">
      <Filter>Source Files\Utilities</Filter>
    </ClCompile>
    <ClCompile Include="Alchemist\GameFramework\GameInstance.cpp">
      <Filter>Source Files\GameFramework</Filter>
    </ClCompile>
  </ItemGroup>
  <ItemGroup>
    <ClInclude Include="Alchemist\Application.h">
      <Filter>Header Files</Filter>
    </ClInclude>
    <ClInclude Include="Alchemist\Alchemist.h">
      <Filter>Header Files</Filter>
    </ClInclude>
    <ClInclude Include="Alchemist\Screen.h">
      <Filter>Header Files</Filter>
    </ClInclude>
    <ClInclude Include="Alchemist\Rendering\RenderEngine.h">
      <Filter>Header Files\Rendering</Filter>
    </ClInclude>
    <ClInclude Include="Alchemist\Utilities\Random.h">
      <Filter>Header Files\Utilities</Filter>
    </ClInclude>
    <ClInclude Include="Alchemist\GameFramework\GameInstance.h">
      <Filter>Header Files\GameFramework</Filter>
    </ClInclude>
  </ItemGroup>
</Project>